// !$*UTF8*$!
{
	archiveVersion = 1;
	classes = {
	};
	objectVersion = 48;
	objects = {

/* Begin PBXBuildFile section */
		E79543741F8EF9B300C163AB /* AppDelegate.swift in Sources */ = {isa = PBXBuildFile; fileRef = E79543731F8EF9B300C163AB /* AppDelegate.swift */; };
		E79543761F8EF9B300C163AB /* ViewController.swift in Sources */ = {isa = PBXBuildFile; fileRef = E79543751F8EF9B300C163AB /* ViewController.swift */; };
		E79543791F8EF9B300C163AB /* Main.storyboard in Resources */ = {isa = PBXBuildFile; fileRef = E79543771F8EF9B300C163AB /* Main.storyboard */; };
		E795437B1F8EF9B300C163AB /* Assets.xcassets in Resources */ = {isa = PBXBuildFile; fileRef = E795437A1F8EF9B300C163AB /* Assets.xcassets */; };
		E795437E1F8EF9B300C163AB /* LaunchScreen.storyboard in Resources */ = {isa = PBXBuildFile; fileRef = E795437C1F8EF9B300C163AB /* LaunchScreen.storyboard */; };
		E79543891F8EF9B300C163AB /* ConnectTests.swift in Sources */ = {isa = PBXBuildFile; fileRef = E79543881F8EF9B300C163AB /* ConnectTests.swift */; };
		E79543941F8EF9B300C163AB /* ConnectUITests.swift in Sources */ = {isa = PBXBuildFile; fileRef = E79543931F8EF9B300C163AB /* ConnectUITests.swift */; };
/* End PBXBuildFile section */

/* Begin PBXContainerItemProxy section */
		E79543851F8EF9B300C163AB /* PBXContainerItemProxy */ = {
			isa = PBXContainerItemProxy;
			containerPortal = E79543681F8EF9B300C163AB /* Project object */;
			proxyType = 1;
			remoteGlobalIDString = E795436F1F8EF9B300C163AB;
			remoteInfo = Connect;
		};
		E79543901F8EF9B300C163AB /* PBXContainerItemProxy */ = {
			isa = PBXContainerItemProxy;
			containerPortal = E79543681F8EF9B300C163AB /* Project object */;
			proxyType = 1;
			remoteGlobalIDString = E795436F1F8EF9B300C163AB;
			remoteInfo = Connect;
		};
/* End PBXContainerItemProxy section */

/* Begin PBXFileReference section */
		E79543701F8EF9B300C163AB /* Connect.app */ = {isa = PBXFileReference; explicitFileType = wrapper.application; includeInIndex = 0; path = Connect.app; sourceTree = BUILT_PRODUCTS_DIR; };
		E79543731F8EF9B300C163AB /* AppDelegate.swift */ = {isa = PBXFileReference; lastKnownFileType = sourcecode.swift; path = AppDelegate.swift; sourceTree = "<group>"; };
		E79543751F8EF9B300C163AB /* ViewController.swift */ = {isa = PBXFileReference; lastKnownFileType = sourcecode.swift; path = ViewController.swift; sourceTree = "<group>"; };
		E79543781F8EF9B300C163AB /* Base */ = {isa = PBXFileReference; lastKnownFileType = file.storyboard; name = Base; path = Base.lproj/Main.storyboard; sourceTree = "<group>"; };
		E795437A1F8EF9B300C163AB /* Assets.xcassets */ = {isa = PBXFileReference; lastKnownFileType = folder.assetcatalog; path = Assets.xcassets; sourceTree = "<group>"; };
		E795437D1F8EF9B300C163AB /* Base */ = {isa = PBXFileReference; lastKnownFileType = file.storyboard; name = Base; path = Base.lproj/LaunchScreen.storyboard; sourceTree = "<group>"; };
		E795437F1F8EF9B300C163AB /* Info.plist */ = {isa = PBXFileReference; lastKnownFileType = text.plist.xml; path = Info.plist; sourceTree = "<group>"; };
		E79543841F8EF9B300C163AB /* ConnectTests.xctest */ = {isa = PBXFileReference; explicitFileType = wrapper.cfbundle; includeInIndex = 0; path = ConnectTests.xctest; sourceTree = BUILT_PRODUCTS_DIR; };
		E79543881F8EF9B300C163AB /* ConnectTests.swift */ = {isa = PBXFileReference; lastKnownFileType = sourcecode.swift; path = ConnectTests.swift; sourceTree = "<group>"; };
		E795438A1F8EF9B300C163AB /* Info.plist */ = {isa = PBXFileReference; lastKnownFileType = text.plist.xml; path = Info.plist; sourceTree = "<group>"; };
		E795438F1F8EF9B300C163AB /* ConnectUITests.xctest */ = {isa = PBXFileReference; explicitFileType = wrapper.cfbundle; includeInIndex = 0; path = ConnectUITests.xctest; sourceTree = BUILT_PRODUCTS_DIR; };
		E79543931F8EF9B300C163AB /* ConnectUITests.swift */ = {isa = PBXFileReference; lastKnownFileType = sourcecode.swift; path = ConnectUITests.swift; sourceTree = "<group>"; };
		E79543951F8EF9B300C163AB /* Info.plist */ = {isa = PBXFileReference; lastKnownFileType = text.plist.xml; path = Info.plist; sourceTree = "<group>"; };
/* End PBXFileReference section */

/* Begin PBXFrameworksBuildPhase section */
		E795436D1F8EF9B300C163AB /* Frameworks */ = {
			isa = PBXFrameworksBuildPhase;
			buildActionMask = 2147483647;
			files = (
			);
			runOnlyForDeploymentPostprocessing = 0;
		};
		E79543811F8EF9B300C163AB /* Frameworks */ = {
			isa = PBXFrameworksBuildPhase;
			buildActionMask = 2147483647;
			files = (
			);
			runOnlyForDeploymentPostprocessing = 0;
		};
		E795438C1F8EF9B300C163AB /* Frameworks */ = {
			isa = PBXFrameworksBuildPhase;
			buildActionMask = 2147483647;
			files = (
			);
			runOnlyForDeploymentPostprocessing = 0;
		};
/* End PBXFrameworksBuildPhase section */

/* Begin PBXGroup section */
		E79543671F8EF9B300C163AB = {
			isa = PBXGroup;
			children = (
				E79543721F8EF9B300C163AB /* Connect */,
				E79543871F8EF9B300C163AB /* ConnectTests */,
				E79543921F8EF9B300C163AB /* ConnectUITests */,
				E79543711F8EF9B300C163AB /* Products */,
			);
			sourceTree = "<group>";
		};
		E79543711F8EF9B300C163AB /* Products */ = {
			isa = PBXGroup;
			children = (
				E79543701F8EF9B300C163AB /* Connect.app */,
				E79543841F8EF9B300C163AB /* ConnectTests.xctest */,
				E795438F1F8EF9B300C163AB /* ConnectUITests.xctest */,
			);
			name = Products;
			sourceTree = "<group>";
		};
		E79543721F8EF9B300C163AB /* Connect */ = {
			isa = PBXGroup;
			children = (
				E79543731F8EF9B300C163AB /* AppDelegate.swift */,
				E79543751F8EF9B300C163AB /* ViewController.swift */,
				E79543771F8EF9B300C163AB /* Main.storyboard */,
				E795437A1F8EF9B300C163AB /* Assets.xcassets */,
				E795437C1F8EF9B300C163AB /* LaunchScreen.storyboard */,
				E795437F1F8EF9B300C163AB /* Info.plist */,
			);
			path = Connect;
			sourceTree = "<group>";
		};
		E79543871F8EF9B300C163AB /* ConnectTests */ = {
			isa = PBXGroup;
			children = (
				E79543881F8EF9B300C163AB /* ConnectTests.swift */,
				E795438A1F8EF9B300C163AB /* Info.plist */,
			);
			path = ConnectTests;
			sourceTree = "<group>";
		};
		E79543921F8EF9B300C163AB /* ConnectUITests */ = {
			isa = PBXGroup;
			children = (
				E79543931F8EF9B300C163AB /* ConnectUITests.swift */,
				E79543951F8EF9B300C163AB /* Info.plist */,
			);
			path = ConnectUITests;
			sourceTree = "<group>";
		};
/* End PBXGroup section */

/* Begin PBXNativeTarget section */
		E795436F1F8EF9B300C163AB /* Connect */ = {
			isa = PBXNativeTarget;
			buildConfigurationList = E79543981F8EF9B300C163AB /* Build configuration list for PBXNativeTarget "Connect" */;
			buildPhases = (
				E795436C1F8EF9B300C163AB /* Sources */,
				E795436D1F8EF9B300C163AB /* Frameworks */,
				E795436E1F8EF9B300C163AB /* Resources */,
			);
			buildRules = (
			);
			dependencies = (
			);
			name = Connect;
			productName = Connect;
			productReference = E79543701F8EF9B300C163AB /* Connect.app */;
			productType = "com.apple.product-type.application";
		};
		E79543831F8EF9B300C163AB /* ConnectTests */ = {
			isa = PBXNativeTarget;
			buildConfigurationList = E795439B1F8EF9B300C163AB /* Build configuration list for PBXNativeTarget "ConnectTests" */;
			buildPhases = (
				E79543801F8EF9B300C163AB /* Sources */,
				E79543811F8EF9B300C163AB /* Frameworks */,
				E79543821F8EF9B300C163AB /* Resources */,
			);
			buildRules = (
			);
			dependencies = (
				E79543861F8EF9B300C163AB /* PBXTargetDependency */,
			);
			name = ConnectTests;
			productName = ConnectTests;
			productReference = E79543841F8EF9B300C163AB /* ConnectTests.xctest */;
			productType = "com.apple.product-type.bundle.unit-test";
		};
		E795438E1F8EF9B300C163AB /* ConnectUITests */ = {
			isa = PBXNativeTarget;
			buildConfigurationList = E795439E1F8EF9B300C163AB /* Build configuration list for PBXNativeTarget "ConnectUITests" */;
			buildPhases = (
				E795438B1F8EF9B300C163AB /* Sources */,
				E795438C1F8EF9B300C163AB /* Frameworks */,
				E795438D1F8EF9B300C163AB /* Resources */,
			);
			buildRules = (
			);
			dependencies = (
				E79543911F8EF9B300C163AB /* PBXTargetDependency */,
			);
			name = ConnectUITests;
			productName = ConnectUITests;
			productReference = E795438F1F8EF9B300C163AB /* ConnectUITests.xctest */;
			productType = "com.apple.product-type.bundle.ui-testing";
		};
/* End PBXNativeTarget section */

/* Begin PBXProject section */
		E79543681F8EF9B300C163AB /* Project object */ = {
			isa = PBXProject;
			attributes = {
				LastSwiftUpdateCheck = 0900;
				LastUpgradeCheck = 0900;
				ORGANIZATIONNAME = "Dylan Bolger";
				TargetAttributes = {
					E795436F1F8EF9B300C163AB = {
						CreatedOnToolsVersion = 9.0;
						ProvisioningStyle = Automatic;
					};
					E79543831F8EF9B300C163AB = {
						CreatedOnToolsVersion = 9.0;
						ProvisioningStyle = Automatic;
						TestTargetID = E795436F1F8EF9B300C163AB;
					};
					E795438E1F8EF9B300C163AB = {
						CreatedOnToolsVersion = 9.0;
						ProvisioningStyle = Automatic;
						TestTargetID = E795436F1F8EF9B300C163AB;
					};
				};
			};
			buildConfigurationList = E795436B1F8EF9B300C163AB /* Build configuration list for PBXProject "Connect" */;
			compatibilityVersion = "Xcode 8.0";
			developmentRegion = en;
			hasScannedForEncodings = 0;
			knownRegions = (
				en,
				Base,
			);
			mainGroup = E79543671F8EF9B300C163AB;
			productRefGroup = E79543711F8EF9B300C163AB /* Products */;
			projectDirPath = "";
			projectRoot = "";
			targets = (
				E795436F1F8EF9B300C163AB /* Connect */,
				E79543831F8EF9B300C163AB /* ConnectTests */,
				E795438E1F8EF9B300C163AB /* ConnectUITests */,
			);
		};
/* End PBXProject section */

/* Begin PBXResourcesBuildPhase section */
		E795436E1F8EF9B300C163AB /* Resources */ = {
			isa = PBXResourcesBuildPhase;
			buildActionMask = 2147483647;
			files = (
				E795437E1F8EF9B300C163AB /* LaunchScreen.storyboard in Resources */,
				E795437B1F8EF9B300C163AB /* Assets.xcassets in Resources */,
				E79543791F8EF9B300C163AB /* Main.storyboard in Resources */,
			);
			runOnlyForDeploymentPostprocessing = 0;
		};
		E79543821F8EF9B300C163AB /* Resources */ = {
			isa = PBXResourcesBuildPhase;
			buildActionMask = 2147483647;
			files = (
			);
			runOnlyForDeploymentPostprocessing = 0;
		};
		E795438D1F8EF9B300C163AB /* Resources */ = {
			isa = PBXResourcesBuildPhase;
			buildActionMask = 2147483647;
			files = (
			);
			runOnlyForDeploymentPostprocessing = 0;
		};
/* End PBXResourcesBuildPhase section */

/* Begin PBXSourcesBuildPhase section */
		E795436C1F8EF9B300C163AB /* Sources */ = {
			isa = PBXSourcesBuildPhase;
			buildActionMask = 2147483647;
			files = (
				E79543761F8EF9B300C163AB /* ViewController.swift in Sources */,
				E79543741F8EF9B300C163AB /* AppDelegate.swift in Sources */,
			);
			runOnlyForDeploymentPostprocessing = 0;
		};
		E79543801F8EF9B300C163AB /* Sources */ = {
			isa = PBXSourcesBuildPhase;
			buildActionMask = 2147483647;
			files = (
				E79543891F8EF9B300C163AB /* ConnectTests.swift in Sources */,
			);
			runOnlyForDeploymentPostprocessing = 0;
		};
		E795438B1F8EF9B300C163AB /* Sources */ = {
			isa = PBXSourcesBuildPhase;
			buildActionMask = 2147483647;
			files = (
				E79543941F8EF9B300C163AB /* ConnectUITests.swift in Sources */,
			);
			runOnlyForDeploymentPostprocessing = 0;
		};
/* End PBXSourcesBuildPhase section */

/* Begin PBXTargetDependency section */
		E79543861F8EF9B300C163AB /* PBXTargetDependency */ = {
			isa = PBXTargetDependency;
			target = E795436F1F8EF9B300C163AB /* Connect */;
			targetProxy = E79543851F8EF9B300C163AB /* PBXContainerItemProxy */;
		};
		E79543911F8EF9B300C163AB /* PBXTargetDependency */ = {
			isa = PBXTargetDependency;
			target = E795436F1F8EF9B300C163AB /* Connect */;
			targetProxy = E79543901F8EF9B300C163AB /* PBXContainerItemProxy */;
		};
/* End PBXTargetDependency section */

/* Begin PBXVariantGroup section */
		E79543771F8EF9B300C163AB /* Main.storyboard */ = {
			isa = PBXVariantGroup;
			children = (
				E79543781F8EF9B300C163AB /* Base */,
			);
			name = Main.storyboard;
			sourceTree = "<group>";
		};
		E795437C1F8EF9B300C163AB /* LaunchScreen.storyboard */ = {
			isa = PBXVariantGroup;
			children = (
				E795437D1F8EF9B300C163AB /* Base */,
			);
			name = LaunchScreen.storyboard;
			sourceTree = "<group>";
		};
/* End PBXVariantGroup section */

/* Begin XCBuildConfiguration section */
		E79543961F8EF9B300C163AB /* Debug */ = {
			isa = XCBuildConfiguration;
			buildSettings = {
				ALWAYS_SEARCH_USER_PATHS = NO;
				CLANG_ANALYZER_NONNULL = YES;
				CLANG_ANALYZER_NUMBER_OBJECT_CONVERSION = YES_AGGRESSIVE;
				CLANG_CXX_LANGUAGE_STANDARD = "gnu++14";
				CLANG_CXX_LIBRARY = "libc++";
				CLANG_ENABLE_MODULES = YES;
				CLANG_ENABLE_OBJC_ARC = YES;
				CLANG_WARN_BLOCK_CAPTURE_AUTORELEASING = YES;
				CLANG_WARN_BOOL_CONVERSION = YES;
				CLANG_WARN_COMMA = YES;
				CLANG_WARN_CONSTANT_CONVERSION = YES;
				CLANG_WARN_DIRECT_OBJC_ISA_USAGE = YES_ERROR;
				CLANG_WARN_DOCUMENTATION_COMMENTS = YES;
				CLANG_WARN_EMPTY_BODY = YES;
				CLANG_WARN_ENUM_CONVERSION = YES;
				CLANG_WARN_INFINITE_RECURSION = YES;
				CLANG_WARN_INT_CONVERSION = YES;
				CLANG_WARN_NON_LITERAL_NULL_CONVERSION = YES;
				CLANG_WARN_OBJC_LITERAL_CONVERSION = YES;
				CLANG_WARN_OBJC_ROOT_CLASS = YES_ERROR;
				CLANG_WARN_RANGE_LOOP_ANALYSIS = YES;
				CLANG_WARN_STRICT_PROTOTYPES = YES;
				CLANG_WARN_SUSPICIOUS_MOVE = YES;
				CLANG_WARN_UNGUARDED_AVAILABILITY = YES_AGGRESSIVE;
				CLANG_WARN_UNREACHABLE_CODE = YES;
				CLANG_WARN__DUPLICATE_METHOD_MATCH = YES;
				CODE_SIGN_IDENTITY = "iPhone Developer";
				COPY_PHASE_STRIP = NO;
				DEBUG_INFORMATION_FORMAT = dwarf;
				ENABLE_STRICT_OBJC_MSGSEND = YES;
				ENABLE_TESTABILITY = YES;
				GCC_C_LANGUAGE_STANDARD = gnu11;
				GCC_DYNAMIC_NO_PIC = NO;
				GCC_NO_COMMON_BLOCKS = YES;
				GCC_OPTIMIZATION_LEVEL = 0;
				GCC_PREPROCESSOR_DEFINITIONS = (
					"DEBUG=1",
					"$(inherited)",
				);
				GCC_WARN_64_TO_32_BIT_CONVERSION = YES;
				GCC_WARN_ABOUT_RETURN_TYPE = YES_ERROR;
				GCC_WARN_UNDECLARED_SELECTOR = YES;
				GCC_WARN_UNINITIALIZED_AUTOS = YES_AGGRESSIVE;
				GCC_WARN_UNUSED_FUNCTION = YES;
				GCC_WARN_UNUSED_VARIABLE = YES;
				IPHONEOS_DEPLOYMENT_TARGET = 11.0;
				MTL_ENABLE_DEBUG_INFO = YES;
				ONLY_ACTIVE_ARCH = YES;
				SDKROOT = iphoneos;
				SWIFT_ACTIVE_COMPILATION_CONDITIONS = DEBUG;
				SWIFT_OPTIMIZATION_LEVEL = "-Onone";
			};
			name = Debug;
		};
		E79543971F8EF9B300C163AB /* Release */ = {
			isa = XCBuildConfiguration;
			buildSettings = {
				ALWAYS_SEARCH_USER_PATHS = NO;
				CLANG_ANALYZER_NONNULL = YES;
				CLANG_ANALYZER_NUMBER_OBJECT_CONVERSION = YES_AGGRESSIVE;
				CLANG_CXX_LANGUAGE_STANDARD = "gnu++14";
				CLANG_CXX_LIBRARY = "libc++";
				CLANG_ENABLE_MODULES = YES;
				CLANG_ENABLE_OBJC_ARC = YES;
				CLANG_WARN_BLOCK_CAPTURE_AUTORELEASING = YES;
				CLANG_WARN_BOOL_CONVERSION = YES;
				CLANG_WARN_COMMA = YES;
				CLANG_WARN_CONSTANT_CONVERSION = YES;
				CLANG_WARN_DIRECT_OBJC_ISA_USAGE = YES_ERROR;
				CLANG_WARN_DOCUMENTATION_COMMENTS = YES;
				CLANG_WARN_EMPTY_BODY = YES;
				CLANG_WARN_ENUM_CONVERSION = YES;
				CLANG_WARN_INFINITE_RECURSION = YES;
				CLANG_WARN_INT_CONVERSION = YES;
				CLANG_WARN_NON_LITERAL_NULL_CONVERSION = YES;
				CLANG_WARN_OBJC_LITERAL_CONVERSION = YES;
				CLANG_WARN_OBJC_ROOT_CLASS = YES_ERROR;
				CLANG_WARN_RANGE_LOOP_ANALYSIS = YES;
				CLANG_WARN_STRICT_PROTOTYPES = YES;
				CLANG_WARN_SUSPICIOUS_MOVE = YES;
				CLANG_WARN_UNGUARDED_AVAILABILITY = YES_AGGRESSIVE;
				CLANG_WARN_UNREACHABLE_CODE = YES;
				CLANG_WARN__DUPLICATE_METHOD_MATCH = YES;
				CODE_SIGN_IDENTITY = "iPhone Developer";
				COPY_PHASE_STRIP = NO;
				DEBUG_INFORMATION_FORMAT = "dwarf-with-dsym";
				ENABLE_NS_ASSERTIONS = NO;
				ENABLE_STRICT_OBJC_MSGSEND = YES;
				GCC_C_LANGUAGE_STANDARD = gnu11;
				GCC_NO_COMMON_BLOCKS = YES;
				GCC_WARN_64_TO_32_BIT_CONVERSION = YES;
				GCC_WARN_ABOUT_RETURN_TYPE = YES_ERROR;
				GCC_WARN_UNDECLARED_SELECTOR = YES;
				GCC_WARN_UNINITIALIZED_AUTOS = YES_AGGRESSIVE;
				GCC_WARN_UNUSED_FUNCTION = YES;
				GCC_WARN_UNUSED_VARIABLE = YES;
				IPHONEOS_DEPLOYMENT_TARGET = 11.0;
				MTL_ENABLE_DEBUG_INFO = NO;
				SDKROOT = iphoneos;
				SWIFT_OPTIMIZATION_LEVEL = "-Owholemodule";
				VALIDATE_PRODUCT = YES;
			};
			name = Release;
		};
		E79543991F8EF9B300C163AB /* Debug */ = {
			isa = XCBuildConfiguration;
			buildSettings = {
				ASSETCATALOG_COMPILER_APPICON_NAME = AppIcon;
				CODE_SIGN_STYLE = Automatic;
				DEVELOPMENT_TEAM = 99ENHKG76U;
				INFOPLIST_FILE = Connect/Info.plist;
				LD_RUNPATH_SEARCH_PATHS = "$(inherited) @executable_path/Frameworks";
				PRODUCT_BUNDLE_IDENTIFIER = DylanB.Connect;
				PRODUCT_NAME = "$(TARGET_NAME)";
				SWIFT_VERSION = 4.0;
				TARGETED_DEVICE_FAMILY = "1,2";
			};
			name = Debug;
		};
		E795439A1F8EF9B300C163AB /* Release */ = {
			isa = XCBuildConfiguration;
			buildSettings = {
				ASSETCATALOG_COMPILER_APPICON_NAME = AppIcon;
				CODE_SIGN_STYLE = Automatic;
				DEVELOPMENT_TEAM = 99ENHKG76U;
				INFOPLIST_FILE = Connect/Info.plist;
				LD_RUNPATH_SEARCH_PATHS = "$(inherited) @executable_path/Frameworks";
				PRODUCT_BUNDLE_IDENTIFIER = DylanB.Connect;
				PRODUCT_NAME = "$(TARGET_NAME)";
				SWIFT_VERSION = 4.0;
				TARGETED_DEVICE_FAMILY = "1,2";
			};
			name = Release;
		};
		E795439C1F8EF9B300C163AB /* Debug */ = {
			isa = XCBuildConfiguration;
			buildSettings = {
				ALWAYS_EMBED_SWIFT_STANDARD_LIBRARIES = YES;
				BUNDLE_LOADER = "$(TEST_HOST)";
				CODE_SIGN_STYLE = Automatic;
				DEVELOPMENT_TEAM = 99ENHKG76U;
				INFOPLIST_FILE = ConnectTests/Info.plist;
				LD_RUNPATH_SEARCH_PATHS = "$(inherited) @executable_path/Frameworks @loader_path/Frameworks";
				PRODUCT_BUNDLE_IDENTIFIER = DylanB.ConnectTests;
				PRODUCT_NAME = "$(TARGET_NAME)";
				SWIFT_VERSION = 4.0;
				TARGETED_DEVICE_FAMILY = "1,2";
				TEST_HOST = "$(BUILT_PRODUCTS_DIR)/Connect.app/Connect";
			};
			name = Debug;
		};
		E795439D1F8EF9B300C163AB /* Release */ = {
			isa = XCBuildConfiguration;
			buildSettings = {
				ALWAYS_EMBED_SWIFT_STANDARD_LIBRARIES = YES;
				BUNDLE_LOADER = "$(TEST_HOST)";
				CODE_SIGN_STYLE = Automatic;
				DEVELOPMENT_TEAM = 99ENHKG76U;
				INFOPLIST_FILE = ConnectTests/Info.plist;
				LD_RUNPATH_SEARCH_PATHS = "$(inherited) @executable_path/Frameworks @loader_path/Frameworks";
				PRODUCT_BUNDLE_IDENTIFIER = DylanB.ConnectTests;
				PRODUCT_NAME = "$(TARGET_NAME)";
				SWIFT_VERSION = 4.0;
				TARGETED_DEVICE_FAMILY = "1,2";
				TEST_HOST = "$(BUILT_PRODUCTS_DIR)/Connect.app/Connect";
			};
			name = Release;
		};
		E795439F1F8EF9B300C163AB /* Debug */ = {
			isa = XCBuildConfiguration;
			buildSettings = {
				ALWAYS_EMBED_SWIFT_STANDARD_LIBRARIES = YES;
				CODE_SIGN_STYLE = Automatic;
				DEVELOPMENT_TEAM = 99ENHKG76U;
				INFOPLIST_FILE = ConnectUITests/Info.plist;
				LD_RUNPATH_SEARCH_PATHS = "$(inherited) @executable_path/Frameworks @loader_path/Frameworks";
				PRODUCT_BUNDLE_IDENTIFIER = DylanB.ConnectUITests;
				PRODUCT_NAME = "$(TARGET_NAME)";
				SWIFT_VERSION = 4.0;
				TARGETED_DEVICE_FAMILY = "1,2";
				TEST_TARGET_NAME = Connect;
			};
			name = Debug;
		};
		E79543A01F8EF9B300C163AB /* Release */ = {
			isa = XCBuildConfiguration;
			buildSettings = {
				ALWAYS_EMBED_SWIFT_STANDARD_LIBRARIES = YES;
				CODE_SIGN_STYLE = Automatic;
				DEVELOPMENT_TEAM = 99ENHKG76U;
				INFOPLIST_FILE = ConnectUITests/Info.plist;
				LD_RUNPATH_SEARCH_PATHS = "$(inherited) @executable_path/Frameworks @loader_path/Frameworks";
				PRODUCT_BUNDLE_IDENTIFIER = DylanB.ConnectUITests;
				PRODUCT_NAME = "$(TARGET_NAME)";
				SWIFT_VERSION = 4.0;
				TARGETED_DEVICE_FAMILY = "1,2";
				TEST_TARGET_NAME = Connect;
			};
			name = Release;
		};
/* End XCBuildConfiguration section */

/* Begin XCConfigurationList section */
		E795436B1F8EF9B300C163AB /* Build configuration list for PBXProject "Connect" */ = {
			isa = XCConfigurationList;
			buildConfigurations = (
				E79543961F8EF9B300C163AB /* Debug */,
				E79543971F8EF9B300C163AB /* Release */,
			);
			defaultConfigurationIsVisible = 0;
			defaultConfigurationName = Release;
		};
		E79543981F8EF9B300C163AB /* Build configuration list for PBXNativeTarget "Connect" */ = {
			isa = XCConfigurationList;
			buildConfigurations = (
				E79543991F8EF9B300C163AB /* Debug */,
				E795439A1F8EF9B300C163AB /* Release */,
			);
			defaultConfigurationIsVisible = 0;
			defaultConfigurationName = Release;
		};
		E795439B1F8EF9B300C163AB /* Build configuration list for PBXNativeTarget "ConnectTests" */ = {
			isa = XCConfigurationList;
			buildConfigurations = (
				E795439C1F8EF9B300C163AB /* Debug */,
				E795439D1F8EF9B300C163AB /* Release */,
			);
			defaultConfigurationIsVisible = 0;
			defaultConfigurationName = Release;
		};
		E795439E1F8EF9B300C163AB /* Build configuration list for PBXNativeTarget "ConnectUITests" */ = {
			isa = XCConfigurationList;
			buildConfigurations = (
				E795439F1F8EF9B300C163AB /* Debug */,
				E79543A01F8EF9B300C163AB /* Release */,
			);
			defaultConfigurationIsVisible = 0;
			defaultConfigurationName = Release;
		};
/* End XCConfigurationList section */
	};
	rootObject = E79543681F8EF9B300C163AB /* Project object */;
}
